
Microsoft Visual Studio Solution File, Format Version 12.00
# Visual Studio Version 17
VisualStudioVersion = 17.3.32611.2
MinimumVisualStudioVersion = 10.0.40219.1
Project("{9A19103F-16F7-4668-BE54-9A1E7A4F7556}") = "NovaFori.Todos", "NovaFori.Todos\NovaFori.Todos.csproj", "{660818A3-D681-4A36-8AD0-3136F7009E91}"
EndProject
Project("{FAE04EC0-301F-11D3-BF4B-00C04F79EFBC}") = "NovaFori.Todos.Test", "NovaFori.Todos.Test\NovaFori.Todos.Test.csproj", "{B1039731-849C-4138-BE3B-5ECF750A815F}"
EndProject
Global
	GlobalSection(SolutionConfigurationPlatforms) = preSolution
		Debug|Any CPU = Debug|Any CPU
		Release|Any CPU = Release|Any CPU
	EndGlobalSection
	GlobalSection(ProjectConfigurationPlatforms) = postSolution
		{660818A3-D681-4A36-8AD0-3136F7009E91}.Debug|Any CPU.ActiveCfg = Debug|Any CPU
		{660818A3-D681-4A36-8AD0-3136F7009E91}.Debug|Any CPU.Build.0 = Debug|Any CPU
		{660818A3-D681-4A36-8AD0-3136F7009E91}.Release|Any CPU.ActiveCfg = Release|Any CPU
		{660818A3-D681-4A36-8AD0-3136F7009E91}.Release|Any CPU.Build.0 = Release|Any CPU
		{B1039731-849C-4138-BE3B-5ECF750A815F}.Debug|Any CPU.ActiveCfg = Debug|Any CPU
		{B1039731-849C-4138-BE3B-5ECF750A815F}.Debug|Any CPU.Build.0 = Debug|Any CPU
		{B1039731-849C-4138-BE3B-5ECF750A815F}.Release|Any CPU.ActiveCfg = Release|Any CPU
		{B1039731-849C-4138-BE3B-5ECF750A815F}.Release|Any CPU.Build.0 = Release|Any CPU
	EndGlobalSection
	GlobalSection(SolutionProperties) = preSolution
		HideSolutionNode = FALSE
	EndGlobalSection
	GlobalSection(ExtensibilityGlobals) = postSolution
		SolutionGuid = {5C4C4070-42FC-4F5D-A79A-A2BE9A239EB0}
	EndGlobalSection
EndGlobal
